
Microsoft Visual Studio Solution File, Format Version 12.00
# Visual Studio Version 17
VisualStudioVersion = 17.13.35825.156 d17.13
MinimumVisualStudioVersion = 10.0.40219.1
Project("{FAE04EC0-301F-11D3-BF4B-00C04F79EFBC}") = "DataModel", "DataModel.csproj", "{4983013A-2316-4BC9-2A8D-3216FDE3FCDF}"
EndProject
Global
	GlobalSection(SolutionConfigurationPlatforms) = preSolution
		Debug|Any CPU = Debug|Any CPU
		Release|Any CPU = Release|Any CPU
	EndGlobalSection
	GlobalSection(ProjectConfigurationPlatforms) = postSolution
		{4983013A-2316-4BC9-2A8D-3216FDE3FCDF}.Debug|Any CPU.ActiveCfg = Debug|Any CPU
		{4983013A-2316-4BC9-2A8D-3216FDE3FCDF}.Debug|Any CPU.Build.0 = Debug|Any CPU
		{4983013A-2316-4BC9-2A8D-3216FDE3FCDF}.Release|Any CPU.ActiveCfg = Release|Any CPU
		{4983013A-2316-4BC9-2A8D-3216FDE3FCDF}.Release|Any CPU.Build.0 = Release|Any CPU
	EndGlobalSection
	GlobalSection(SolutionProperties) = preSolution
		HideSolutionNode = FALSE
	EndGlobalSection
	GlobalSection(ExtensibilityGlobals) = postSolution
		SolutionGuid = {98126B97-7F7C-44A3-93E1-8422727736B3}
	EndGlobalSection
EndGlobal
